{
  "name": "projeto-carrinho-compras-shopee",
  "version": "1.0.0",
  "lockfileVersion": 3,
  "requires": true,
  "packages": {
    "": {
      "name": "projeto-carrinho-compras-shopee",
      "version": "1.0.0",
      "license": "ISC",
      "dependencies": {
        "projeto-carrinho-compras-shopee": "file:"
      }
    },
    "node_modules/projeto-carrinho-compras-shopee": {
      "resolved": "",
      "link": true
    }
  }
}
